// !$*UTF8*$!
{
	archiveVersion = 1;
	classes = {
	};
	objectVersion = 56;
	objects = {

/* Begin PBXBuildFile section */
		E143E8812C10A3B900EB76B9 /* AssistiveTouch__App.swift in Sources */ = {isa = PBXBuildFile; fileRef = E143E8802C10A3B900EB76B9 /* AssistiveTouch__App.swift */; };
		E143E8852C10A3BC00EB76B9 /* Assets.xcassets in Resources */ = {isa = PBXBuildFile; fileRef = E143E8842C10A3BC00EB76B9 /* Assets.xcassets */; };
		E143E8882C10A3BC00EB76B9 /* Preview Assets.xcassets in Resources */ = {isa = PBXBuildFile; fileRef = E143E8872C10A3BC00EB76B9 /* Preview Assets.xcassets */; };
		E143E8912C10A44500EB76B9 /* SplashScreenView.swift in Sources */ = {isa = PBXBuildFile; fileRef = E143E8902C10A44500EB76B9 /* SplashScreenView.swift */; };
		E143E8932C11E62700EB76B9 /* MenuView.swift in Sources */ = {isa = PBXBuildFile; fileRef = E143E8922C11E62700EB76B9 /* MenuView.swift */; };
		E143E8952C1363AF00EB76B9 /* TranslationView.swift in Sources */ = {isa = PBXBuildFile; fileRef = E143E8942C1363AF00EB76B9 /* TranslationView.swift */; };
		E143E8972C13648700EB76B9 /* MagnifyingView.swift in Sources */ = {isa = PBXBuildFile; fileRef = E143E8962C13648700EB76B9 /* MagnifyingView.swift */; };
		E143E89A2C1365DE00EB76B9 /* WeatherReportView.swift in Sources */ = {isa = PBXBuildFile; fileRef = E143E8992C1365DE00EB76B9 /* WeatherReportView.swift */; };
		E143E89C2C13663000EB76B9 /* CalculatorView.swift in Sources */ = {isa = PBXBuildFile; fileRef = E143E89B2C13663000EB76B9 /* CalculatorView.swift */; };
		E143E89E2C1366DE00EB76B9 /* PaintingView.swift in Sources */ = {isa = PBXBuildFile; fileRef = E143E89D2C1366DE00EB76B9 /* PaintingView.swift */; };
		E143E8A02C13670D00EB76B9 /* VaultView.swift in Sources */ = {isa = PBXBuildFile; fileRef = E143E89F2C13670D00EB76B9 /* VaultView.swift */; };
		E1DC85D72C19FD6B003CE50F /* CalculatorModel.swift in Sources */ = {isa = PBXBuildFile; fileRef = E1DC85D62C19FD6B003CE50F /* CalculatorModel.swift */; };
/* End PBXBuildFile section */

/* Begin PBXFileReference section */
		E143E87D2C10A3B900EB76B9 /* AssistiveTouch++.app */ = {isa = PBXFileReference; explicitFileType = wrapper.application; includeInIndex = 0; path = "AssistiveTouch++.app"; sourceTree = BUILT_PRODUCTS_DIR; };
		E143E8802C10A3B900EB76B9 /* AssistiveTouch__App.swift */ = {isa = PBXFileReference; lastKnownFileType = sourcecode.swift; path = AssistiveTouch__App.swift; sourceTree = "<group>"; };
		E143E8842C10A3BC00EB76B9 /* Assets.xcassets */ = {isa = PBXFileReference; lastKnownFileType = folder.assetcatalog; path = Assets.xcassets; sourceTree = "<group>"; };
		E143E8872C10A3BC00EB76B9 /* Preview Assets.xcassets */ = {isa = PBXFileReference; lastKnownFileType = folder.assetcatalog; path = "Preview Assets.xcassets"; sourceTree = "<group>"; };
		E143E8902C10A44500EB76B9 /* SplashScreenView.swift */ = {isa = PBXFileReference; lastKnownFileType = sourcecode.swift; path = SplashScreenView.swift; sourceTree = "<group>"; };
		E143E8922C11E62700EB76B9 /* MenuView.swift */ = {isa = PBXFileReference; lastKnownFileType = sourcecode.swift; path = MenuView.swift; sourceTree = "<group>"; };
		E143E8942C1363AF00EB76B9 /* TranslationView.swift */ = {isa = PBXFileReference; lastKnownFileType = sourcecode.swift; path = TranslationView.swift; sourceTree = "<group>"; };
		E143E8962C13648700EB76B9 /* MagnifyingView.swift */ = {isa = PBXFileReference; lastKnownFileType = sourcecode.swift; path = MagnifyingView.swift; sourceTree = "<group>"; };
		E143E8992C1365DE00EB76B9 /* WeatherReportView.swift */ = {isa = PBXFileReference; lastKnownFileType = sourcecode.swift; path = WeatherReportView.swift; sourceTree = "<group>"; };
		E143E89B2C13663000EB76B9 /* CalculatorView.swift */ = {isa = PBXFileReference; lastKnownFileType = sourcecode.swift; path = CalculatorView.swift; sourceTree = "<group>"; };
		E143E89D2C1366DE00EB76B9 /* PaintingView.swift */ = {isa = PBXFileReference; lastKnownFileType = sourcecode.swift; path = PaintingView.swift; sourceTree = "<group>"; };
		E143E89F2C13670D00EB76B9 /* VaultView.swift */ = {isa = PBXFileReference; lastKnownFileType = sourcecode.swift; path = VaultView.swift; sourceTree = "<group>"; };
		E1DC85D62C19FD6B003CE50F /* CalculatorModel.swift */ = {isa = PBXFileReference; lastKnownFileType = sourcecode.swift; path = CalculatorModel.swift; sourceTree = "<group>"; };
/* End PBXFileReference section */

/* Begin PBXFrameworksBuildPhase section */
		E143E87A2C10A3B900EB76B9 /* Frameworks */ = {
			isa = PBXFrameworksBuildPhase;
			buildActionMask = 2147483647;
			files = (
			);
			runOnlyForDeploymentPostprocessing = 0;
		};
/* End PBXFrameworksBuildPhase section */

/* Begin PBXGroup section */
		E143E8742C10A3B900EB76B9 = {
			isa = PBXGroup;
			children = (
				E143E87F2C10A3B900EB76B9 /* AssistiveTouch++ */,
				E143E87E2C10A3B900EB76B9 /* Products */,
			);
			sourceTree = "<group>";
		};
		E143E87E2C10A3B900EB76B9 /* Products */ = {
			isa = PBXGroup;
			children = (
				E143E87D2C10A3B900EB76B9 /* AssistiveTouch++.app */,
			);
			name = Products;
			sourceTree = "<group>";
		};
		E143E87F2C10A3B900EB76B9 /* AssistiveTouch++ */ = {
			isa = PBXGroup;
			children = (
				E143E8802C10A3B900EB76B9 /* AssistiveTouch__App.swift */,
				E143E88F2C10A3CE00EB76B9 /* Model */,
				E143E88E2C10A3C500EB76B9 /* View */,
				E143E8842C10A3BC00EB76B9 /* Assets.xcassets */,
				E143E8862C10A3BC00EB76B9 /* Preview Content */,
			);
			path = "AssistiveTouch++";
			sourceTree = "<group>";
		};
		E143E8862C10A3BC00EB76B9 /* Preview Content */ = {
			isa = PBXGroup;
			children = (
				E143E8872C10A3BC00EB76B9 /* Preview Assets.xcassets */,
			);
			path = "Preview Content";
			sourceTree = "<group>";
		};
		E143E88E2C10A3C500EB76B9 /* View */ = {
			isa = PBXGroup;
			children = (
				E143E8982C1365A800EB76B9 /* FunctionView */,
				E143E8902C10A44500EB76B9 /* SplashScreenView.swift */,
				E143E8922C11E62700EB76B9 /* MenuView.swift */,
			);
			path = View;
			sourceTree = "<group>";
		};
		E143E88F2C10A3CE00EB76B9 /* Model */ = {
			isa = PBXGroup;
			children = (
				E1DC85D52C19FD3F003CE50F /* FunctionModel */,
			);
			path = Model;
			sourceTree = "<group>";
		};
		E143E8982C1365A800EB76B9 /* FunctionView */ = {
			isa = PBXGroup;
			children = (
				E143E8942C1363AF00EB76B9 /* TranslationView.swift */,
				E143E8962C13648700EB76B9 /* MagnifyingView.swift */,
				E143E8992C1365DE00EB76B9 /* WeatherReportView.swift */,
				E143E89B2C13663000EB76B9 /* CalculatorView.swift */,
				E143E89D2C1366DE00EB76B9 /* PaintingView.swift */,
				E143E89F2C13670D00EB76B9 /* VaultView.swift */,
			);
			path = FunctionView;
			sourceTree = "<group>";
		};
		E1DC85D52C19FD3F003CE50F /* FunctionModel */ = {
			isa = PBXGroup;
			children = (
				E1DC85D62C19FD6B003CE50F /* CalculatorModel.swift */,
			);
			path = FunctionModel;
			sourceTree = "<group>";
		};
/* End PBXGroup section */

/* Begin PBXNativeTarget section */
		E143E87C2C10A3B900EB76B9 /* AssistiveTouch++ */ = {
			isa = PBXNativeTarget;
			buildConfigurationList = E143E88B2C10A3BC00EB76B9 /* Build configuration list for PBXNativeTarget "AssistiveTouch++" */;
			buildPhases = (
				E143E8792C10A3B900EB76B9 /* Sources */,
				E143E87A2C10A3B900EB76B9 /* Frameworks */,
				E143E87B2C10A3B900EB76B9 /* Resources */,
			);
			buildRules = (
			);
			dependencies = (
			);
			name = "AssistiveTouch++";
			productName = "AssistiveTouch++";
			productReference = E143E87D2C10A3B900EB76B9 /* AssistiveTouch++.app */;
			productType = "com.apple.product-type.application";
		};
/* End PBXNativeTarget section */

/* Begin PBXProject section */
		E143E8752C10A3B900EB76B9 /* Project object */ = {
			isa = PBXProject;
			attributes = {
				BuildIndependentTargetsInParallel = 1;
				LastSwiftUpdateCheck = 1520;
				LastUpgradeCheck = 1520;
				TargetAttributes = {
					E143E87C2C10A3B900EB76B9 = {
						CreatedOnToolsVersion = 15.2;
					};
				};
			};
			buildConfigurationList = E143E8782C10A3B900EB76B9 /* Build configuration list for PBXProject "AssistiveTouch++" */;
			compatibilityVersion = "Xcode 14.0";
			developmentRegion = en;
			hasScannedForEncodings = 0;
			knownRegions = (
				en,
				Base,
			);
			mainGroup = E143E8742C10A3B900EB76B9;
			productRefGroup = E143E87E2C10A3B900EB76B9 /* Products */;
			projectDirPath = "";
			projectRoot = "";
			targets = (
				E143E87C2C10A3B900EB76B9 /* AssistiveTouch++ */,
			);
		};
/* End PBXProject section */

/* Begin PBXResourcesBuildPhase section */
		E143E87B2C10A3B900EB76B9 /* Resources */ = {
			isa = PBXResourcesBuildPhase;
			buildActionMask = 2147483647;
			files = (
				E143E8882C10A3BC00EB76B9 /* Preview Assets.xcassets in Resources */,
				E143E8852C10A3BC00EB76B9 /* Assets.xcassets in Resources */,
			);
			runOnlyForDeploymentPostprocessing = 0;
		};
/* End PBXResourcesBuildPhase section */

/* Begin PBXSourcesBuildPhase section */
		E143E8792C10A3B900EB76B9 /* Sources */ = {
			isa = PBXSourcesBuildPhase;
			buildActionMask = 2147483647;
			files = (
				E143E89A2C1365DE00EB76B9 /* WeatherReportView.swift in Sources */,
				E1DC85D72C19FD6B003CE50F /* CalculatorModel.swift in Sources */,
				E143E8A02C13670D00EB76B9 /* VaultView.swift in Sources */,
				E143E8932C11E62700EB76B9 /* MenuView.swift in Sources */,
				E143E8972C13648700EB76B9 /* MagnifyingView.swift in Sources */,
				E143E8952C1363AF00EB76B9 /* TranslationView.swift in Sources */,
				E143E89C2C13663000EB76B9 /* CalculatorView.swift in Sources */,
				E143E89E2C1366DE00EB76B9 /* PaintingView.swift in Sources */,
				E143E8812C10A3B900EB76B9 /* AssistiveTouch__App.swift in Sources */,
				E143E8912C10A44500EB76B9 /* SplashScreenView.swift in Sources */,
			);
			runOnlyForDeploymentPostprocessing = 0;
		};
/* End PBXSourcesBuildPhase section */

/* Begin XCBuildConfiguration section */
		E143E8892C10A3BC00EB76B9 /* Debug */ = {
			isa = XCBuildConfiguration;
			buildSettings = {
				ALWAYS_SEARCH_USER_PATHS = NO;
				ASSETCATALOG_COMPILER_GENERATE_SWIFT_ASSET_SYMBOL_EXTENSIONS = YES;
				CLANG_ANALYZER_NONNULL = YES;
				CLANG_ANALYZER_NUMBER_OBJECT_CONVERSION = YES_AGGRESSIVE;
				CLANG_CXX_LANGUAGE_STANDARD = "gnu++20";
				CLANG_ENABLE_MODULES = YES;
				CLANG_ENABLE_OBJC_ARC = YES;
				CLANG_ENABLE_OBJC_WEAK = YES;
				CLANG_WARN_BLOCK_CAPTURE_AUTORELEASING = YES;
				CLANG_WARN_BOOL_CONVERSION = YES;
				CLANG_WARN_COMMA = YES;
				CLANG_WARN_CONSTANT_CONVERSION = YES;
				CLANG_WARN_DEPRECATED_OBJC_IMPLEMENTATIONS = YES;
				CLANG_WARN_DIRECT_OBJC_ISA_USAGE = YES_ERROR;
				CLANG_WARN_DOCUMENTATION_COMMENTS = YES;
				CLANG_WARN_EMPTY_BODY = YES;
				CLANG_WARN_ENUM_CONVERSION = YES;
				CLANG_WARN_INFINITE_RECURSION = YES;
				CLANG_WARN_INT_CONVERSION = YES;
				CLANG_WARN_NON_LITERAL_NULL_CONVERSION = YES;
				CLANG_WARN_OBJC_IMPLICIT_RETAIN_SELF = YES;
				CLANG_WARN_OBJC_LITERAL_CONVERSION = YES;
				CLANG_WARN_OBJC_ROOT_CLASS = YES_ERROR;
				CLANG_WARN_QUOTED_INCLUDE_IN_FRAMEWORK_HEADER = YES;
				CLANG_WARN_RANGE_LOOP_ANALYSIS = YES;
				CLANG_WARN_STRICT_PROTOTYPES = YES;
				CLANG_WARN_SUSPICIOUS_MOVE = YES;
				CLANG_WARN_UNGUARDED_AVAILABILITY = YES_AGGRESSIVE;
				CLANG_WARN_UNREACHABLE_CODE = YES;
				CLANG_WARN__DUPLICATE_METHOD_MATCH = YES;
				COPY_PHASE_STRIP = NO;
				DEBUG_INFORMATION_FORMAT = dwarf;
				ENABLE_STRICT_OBJC_MSGSEND = YES;
				ENABLE_TESTABILITY = YES;
				ENABLE_USER_SCRIPT_SANDBOXING = YES;
				GCC_C_LANGUAGE_STANDARD = gnu17;
				GCC_DYNAMIC_NO_PIC = NO;
				GCC_NO_COMMON_BLOCKS = YES;
				GCC_OPTIMIZATION_LEVEL = 0;
				GCC_PREPROCESSOR_DEFINITIONS = (
					"DEBUG=1",
					"$(inherited)",
				);
				GCC_WARN_64_TO_32_BIT_CONVERSION = YES;
				GCC_WARN_ABOUT_RETURN_TYPE = YES_ERROR;
				GCC_WARN_UNDECLARED_SELECTOR = YES;
				GCC_WARN_UNINITIALIZED_AUTOS = YES_AGGRESSIVE;
				GCC_WARN_UNUSED_FUNCTION = YES;
				GCC_WARN_UNUSED_VARIABLE = YES;
				IPHONEOS_DEPLOYMENT_TARGET = 17.2;
				LOCALIZATION_PREFERS_STRING_CATALOGS = YES;
				MTL_ENABLE_DEBUG_INFO = INCLUDE_SOURCE;
				MTL_FAST_MATH = YES;
				ONLY_ACTIVE_ARCH = YES;
				SDKROOT = iphoneos;
				SWIFT_ACTIVE_COMPILATION_CONDITIONS = "DEBUG $(inherited)";
				SWIFT_OPTIMIZATION_LEVEL = "-Onone";
			};
			name = Debug;
		};
		E143E88A2C10A3BC00EB76B9 /* Release */ = {
			isa = XCBuildConfiguration;
			buildSettings = {
				ALWAYS_SEARCH_USER_PATHS = NO;
				ASSETCATALOG_COMPILER_GENERATE_SWIFT_ASSET_SYMBOL_EXTENSIONS = YES;
				CLANG_ANALYZER_NONNULL = YES;
				CLANG_ANALYZER_NUMBER_OBJECT_CONVERSION = YES_AGGRESSIVE;
				CLANG_CXX_LANGUAGE_STANDARD = "gnu++20";
				CLANG_ENABLE_MODULES = YES;
				CLANG_ENABLE_OBJC_ARC = YES;
				CLANG_ENABLE_OBJC_WEAK = YES;
				CLANG_WARN_BLOCK_CAPTURE_AUTORELEASING = YES;
				CLANG_WARN_BOOL_CONVERSION = YES;
				CLANG_WARN_COMMA = YES;
				CLANG_WARN_CONSTANT_CONVERSION = YES;
				CLANG_WARN_DEPRECATED_OBJC_IMPLEMENTATIONS = YES;
				CLANG_WARN_DIRECT_OBJC_ISA_USAGE = YES_ERROR;
				CLANG_WARN_DOCUMENTATION_COMMENTS = YES;
				CLANG_WARN_EMPTY_BODY = YES;
				CLANG_WARN_ENUM_CONVERSION = YES;
				CLANG_WARN_INFINITE_RECURSION = YES;
				CLANG_WARN_INT_CONVERSION = YES;
				CLANG_WARN_NON_LITERAL_NULL_CONVERSION = YES;
				CLANG_WARN_OBJC_IMPLICIT_RETAIN_SELF = YES;
				CLANG_WARN_OBJC_LITERAL_CONVERSION = YES;
				CLANG_WARN_OBJC_ROOT_CLASS = YES_ERROR;
				CLANG_WARN_QUOTED_INCLUDE_IN_FRAMEWORK_HEADER = YES;
				CLANG_WARN_RANGE_LOOP_ANALYSIS = YES;
				CLANG_WARN_STRICT_PROTOTYPES = YES;
				CLANG_WARN_SUSPICIOUS_MOVE = YES;
				CLANG_WARN_UNGUARDED_AVAILABILITY = YES_AGGRESSIVE;
				CLANG_WARN_UNREACHABLE_CODE = YES;
				CLANG_WARN__DUPLICATE_METHOD_MATCH = YES;
				COPY_PHASE_STRIP = NO;
				DEBUG_INFORMATION_FORMAT = "dwarf-with-dsym";
				ENABLE_NS_ASSERTIONS = NO;
				ENABLE_STRICT_OBJC_MSGSEND = YES;
				ENABLE_USER_SCRIPT_SANDBOXING = YES;
				GCC_C_LANGUAGE_STANDARD = gnu17;
				GCC_NO_COMMON_BLOCKS = YES;
				GCC_WARN_64_TO_32_BIT_CONVERSION = YES;
				GCC_WARN_ABOUT_RETURN_TYPE = YES_ERROR;
				GCC_WARN_UNDECLARED_SELECTOR = YES;
				GCC_WARN_UNINITIALIZED_AUTOS = YES_AGGRESSIVE;
				GCC_WARN_UNUSED_FUNCTION = YES;
				GCC_WARN_UNUSED_VARIABLE = YES;
				IPHONEOS_DEPLOYMENT_TARGET = 17.2;
				LOCALIZATION_PREFERS_STRING_CATALOGS = YES;
				MTL_ENABLE_DEBUG_INFO = NO;
				MTL_FAST_MATH = YES;
				SDKROOT = iphoneos;
				SWIFT_COMPILATION_MODE = wholemodule;
				VALIDATE_PRODUCT = YES;
			};
			name = Release;
		};
		E143E88C2C10A3BC00EB76B9 /* Debug */ = {
			isa = XCBuildConfiguration;
			buildSettings = {
				ASSETCATALOG_COMPILER_APPICON_NAME = AppIcon;
				ASSETCATALOG_COMPILER_GLOBAL_ACCENT_COLOR_NAME = AccentColor;
				CODE_SIGN_STYLE = Automatic;
				CURRENT_PROJECT_VERSION = 1;
				DEVELOPMENT_ASSET_PATHS = "\"AssistiveTouch++/Preview Content\"";
				DEVELOPMENT_TEAM = HAM63P8GG4;
				ENABLE_PREVIEWS = YES;
				GENERATE_INFOPLIST_FILE = YES;
				INFOPLIST_KEY_UIApplicationSceneManifest_Generation = YES;
				INFOPLIST_KEY_UIApplicationSupportsIndirectInputEvents = YES;
				INFOPLIST_KEY_UILaunchScreen_Generation = YES;
				INFOPLIST_KEY_UISupportedInterfaceOrientations_iPad = "UIInterfaceOrientationPortrait UIInterfaceOrientationPortraitUpsideDown UIInterfaceOrientationLandscapeLeft UIInterfaceOrientationLandscapeRight";
				INFOPLIST_KEY_UISupportedInterfaceOrientations_iPhone = "UIInterfaceOrientationPortrait UIInterfaceOrientationLandscapeLeft UIInterfaceOrientationLandscapeRight";
				LD_RUNPATH_SEARCH_PATHS = (
					"$(inherited)",
					"@executable_path/Frameworks",
				);
				MARKETING_VERSION = 1.0;
				PRODUCT_BUNDLE_IDENTIFIER = "ca.zhangchase.AssistiveTouch--";
				PRODUCT_NAME = "$(TARGET_NAME)";
				SWIFT_EMIT_LOC_STRINGS = YES;
				SWIFT_VERSION = 5.0;
				TARGETED_DEVICE_FAMILY = "1,2";
			};
			name = Debug;
		};
		E143E88D2C10A3BC00EB76B9 /* Release */ = {
			isa = XCBuildConfiguration;
			buildSettings = {
				ASSETCATALOG_COMPILER_APPICON_NAME = AppIcon;
				ASSETCATALOG_COMPILER_GLOBAL_ACCENT_COLOR_NAME = AccentColor;
				CODE_SIGN_STYLE = Automatic;
				CURRENT_PROJECT_VERSION = 1;
				DEVELOPMENT_ASSET_PATHS = "\"AssistiveTouch++/Preview Content\"";
				DEVELOPMENT_TEAM = HAM63P8GG4;
				ENABLE_PREVIEWS = YES;
				GENERATE_INFOPLIST_FILE = YES;
				INFOPLIST_KEY_UIApplicationSceneManifest_Generation = YES;
				INFOPLIST_KEY_UIApplicationSupportsIndirectInputEvents = YES;
				INFOPLIST_KEY_UILaunchScreen_Generation = YES;
				INFOPLIST_KEY_UISupportedInterfaceOrientations_iPad = "UIInterfaceOrientationPortrait UIInterfaceOrientationPortraitUpsideDown UIInterfaceOrientationLandscapeLeft UIInterfaceOrientationLandscapeRight";
				INFOPLIST_KEY_UISupportedInterfaceOrientations_iPhone = "UIInterfaceOrientationPortrait UIInterfaceOrientationLandscapeLeft UIInterfaceOrientationLandscapeRight";
				LD_RUNPATH_SEARCH_PATHS = (
					"$(inherited)",
					"@executable_path/Frameworks",
				);
				MARKETING_VERSION = 1.0;
				PRODUCT_BUNDLE_IDENTIFIER = "ca.zhangchase.AssistiveTouch--";
				PRODUCT_NAME = "$(TARGET_NAME)";
				SWIFT_EMIT_LOC_STRINGS = YES;
				SWIFT_VERSION = 5.0;
				TARGETED_DEVICE_FAMILY = "1,2";
			};
			name = Release;
		};
/* End XCBuildConfiguration section */

/* Begin XCConfigurationList section */
		E143E8782C10A3B900EB76B9 /* Build configuration list for PBXProject "AssistiveTouch++" */ = {
			isa = XCConfigurationList;
			buildConfigurations = (
				E143E8892C10A3BC00EB76B9 /* Debug */,
				E143E88A2C10A3BC00EB76B9 /* Release */,
			);
			defaultConfigurationIsVisible = 0;
			defaultConfigurationName = Release;
		};
		E143E88B2C10A3BC00EB76B9 /* Build configuration list for PBXNativeTarget "AssistiveTouch++" */ = {
			isa = XCConfigurationList;
			buildConfigurations = (
				E143E88C2C10A3BC00EB76B9 /* Debug */,
				E143E88D2C10A3BC00EB76B9 /* Release */,
			);
			defaultConfigurationIsVisible = 0;
			defaultConfigurationName = Release;
		};
/* End XCConfigurationList section */
	};
	rootObject = E143E8752C10A3B900EB76B9 /* Project object */;
}
